# This file is autogenerated, do not edit; changes may be undone by the next 'dep ensure'.


[[projects]]
  digest = "1:7c796accbe7dbc33c2927b27327d7e09238c1950e4ca24ebddf2c0807097e5a2"
  name = "github.com/embano1/faastagger"
  packages = ["."]
  pruneopts = "UT"
  revision = "6ec1c859c8cc128a53d088d07fbe0f5ea9d2478e"
  version = "v1.0"

[[projects]]
  digest = "1:86aada1f67a0c33c39e3a071b31e56f3da18890c2441fd14fc8385c0ed3da355"
  name = "github.com/openfaas-incubator/go-function-sdk"
  packages = ["."]
  pruneopts = "UT"
  revision = "cac4b8744921c3935ace0551f3d1240eaac69c7a"
  version = "1.0.0"

[[projects]]
  digest = "1:89c63c70a25c2e319f55530613642367afe4157b0f076be3564a7e55b83051b8"
  name = "github.com/vmware/govmomi"
  packages = [
    ".",
    "property",
    "session",
    "vapi/internal",
    "vapi/rest",
    "vapi/tags",
    "vim25",
    "vim25/debug",
    "vim25/methods",
    "vim25/mo",
    "vim25/progress",
    "vim25/soap",
    "vim25/types",
    "vim25/xml",
  ]
  pruneopts = "UT"
  revision = "3617f28d167d448f93f282a867870f109516d2a5"
  version = "v0.19.0"

[solve-meta]
  analyzer-name = "dep"
  analyzer-version = 1
  input-imports = [
    "github.com/embano1/faastagger",
    "github.com/openfaas-incubator/go-function-sdk",
  ]
  solver-name = "gps-cdcl"
  solver-version = 1
